
Microsoft Visual Studio Solution File, Format Version 12.00
Project("{FAE04EC0-301F-11D3-BF4B-00C04F79EFBC}") = "WebAPI_UtalcaBus", "WebAPI_UtalcaBus\WebAPI_UtalcaBus.csproj", "{4874B91B-E9CF-4FB4-B2EF-8D8B81E5DAAA}"
EndProject
Global
	GlobalSection(SolutionConfigurationPlatforms) = preSolution
		Debug|Any CPU = Debug|Any CPU
		Release|Any CPU = Release|Any CPU
	EndGlobalSection
	GlobalSection(ProjectConfigurationPlatforms) = postSolution
		{4874B91B-E9CF-4FB4-B2EF-8D8B81E5DAAA}.Debug|Any CPU.ActiveCfg = Debug|Any CPU
		{4874B91B-E9CF-4FB4-B2EF-8D8B81E5DAAA}.Debug|Any CPU.Build.0 = Debug|Any CPU
		{4874B91B-E9CF-4FB4-B2EF-8D8B81E5DAAA}.Release|Any CPU.ActiveCfg = Release|Any CPU
		{4874B91B-E9CF-4FB4-B2EF-8D8B81E5DAAA}.Release|Any CPU.Build.0 = Release|Any CPU
	EndGlobalSection
EndGlobal
